
Microsoft Visual Studio Solution File, Format Version 12.00
# Visual Studio Version 17
VisualStudioVersion = 17.11.35327.3
MinimumVisualStudioVersion = 10.0.40219.1
Project("{FAE04EC0-301F-11D3-BF4B-00C04F79EFBC}") = "WindowsFormsApp1", "WindowsFormsApp1.csproj", "{8ECB8DBB-E827-4EE1-A38C-1FB881C8F007}"
EndProject
Global
	GlobalSection(SolutionConfigurationPlatforms) = preSolution
		Debug|Any CPU = Debug|Any CPU
		Debug|x64 = Debug|x64
		Release|Any CPU = Release|Any CPU
		Release|x64 = Release|x64
	EndGlobalSection
	GlobalSection(ProjectConfigurationPlatforms) = postSolution
		{8ECB8DBB-E827-4EE1-A38C-1FB881C8F007}.Debug|Any CPU.ActiveCfg = Debug|Any CPU
		{8ECB8DBB-E827-4EE1-A38C-1FB881C8F007}.Debug|Any CPU.Build.0 = Debug|Any CPU
		{8ECB8DBB-E827-4EE1-A38C-1FB881C8F007}.Debug|x64.ActiveCfg = Debug|x64
		{8ECB8DBB-E827-4EE1-A38C-1FB881C8F007}.Debug|x64.Build.0 = Debug|x64
		{8ECB8DBB-E827-4EE1-A38C-1FB881C8F007}.Release|Any CPU.ActiveCfg = Release|Any CPU
		{8ECB8DBB-E827-4EE1-A38C-1FB881C8F007}.Release|Any CPU.Build.0 = Release|Any CPU
		{8ECB8DBB-E827-4EE1-A38C-1FB881C8F007}.Release|x64.ActiveCfg = Release|x64
		{8ECB8DBB-E827-4EE1-A38C-1FB881C8F007}.Release|x64.Build.0 = Release|x64
	EndGlobalSection
	GlobalSection(SolutionProperties) = preSolution
		HideSolutionNode = FALSE
	EndGlobalSection
	GlobalSection(ExtensibilityGlobals) = postSolution
		SolutionGuid = {AAEEE6A4-C93D-4D94-8348-2D6B57592C7E}
	EndGlobalSection
EndGlobal
